
Microsoft Visual Studio Solution File, Format Version 12.00
# Visual Studio Version 17
VisualStudioVersion = 17.6.33723.286
MinimumVisualStudioVersion = 10.0.40219.1
Project("{FAE04EC0-301F-11D3-BF4B-00C04F79EFBC}") = "jaraujoS2.Android", "jaraujoS2.Android\jaraujoS2.Android.csproj", "{D9E59D4B-7574-454A-A94C-49C0D9885708}"
EndProject
Project("{FAE04EC0-301F-11D3-BF4B-00C04F79EFBC}") = "jaraujoS2.iOS", "jaraujoS2.iOS\jaraujoS2.iOS.csproj", "{89F1A553-4CDA-4226-AF66-F5092142C3EE}"
EndProject
Project("{FAE04EC0-301F-11D3-BF4B-00C04F79EFBC}") = "jaraujoS2", "jaraujoS2\jaraujoS2.csproj", "{366DC6F9-6194-4FF9-A7AB-9BDFC45768F3}"
EndProject
Global
	GlobalSection(SolutionConfigurationPlatforms) = preSolution
		Debug|Any CPU = Debug|Any CPU
		Debug|iPhone = Debug|iPhone
		Debug|iPhoneSimulator = Debug|iPhoneSimulator
		Release|Any CPU = Release|Any CPU
		Release|iPhone = Release|iPhone
		Release|iPhoneSimulator = Release|iPhoneSimulator
	EndGlobalSection
	GlobalSection(ProjectConfigurationPlatforms) = postSolution
		{D9E59D4B-7574-454A-A94C-49C0D9885708}.Debug|Any CPU.ActiveCfg = Debug|Any CPU
		{D9E59D4B-7574-454A-A94C-49C0D9885708}.Debug|Any CPU.Build.0 = Debug|Any CPU
		{D9E59D4B-7574-454A-A94C-49C0D9885708}.Debug|Any CPU.Deploy.0 = Debug|Any CPU
		{D9E59D4B-7574-454A-A94C-49C0D9885708}.Debug|iPhone.ActiveCfg = Debug|Any CPU
		{D9E59D4B-7574-454A-A94C-49C0D9885708}.Debug|iPhone.Build.0 = Debug|Any CPU
		{D9E59D4B-7574-454A-A94C-49C0D9885708}.Debug|iPhone.Deploy.0 = Debug|Any CPU
		{D9E59D4B-7574-454A-A94C-49C0D9885708}.Debug|iPhoneSimulator.ActiveCfg = Debug|Any CPU
		{D9E59D4B-7574-454A-A94C-49C0D9885708}.Debug|iPhoneSimulator.Build.0 = Debug|Any CPU
		{D9E59D4B-7574-454A-A94C-49C0D9885708}.Debug|iPhoneSimulator.Deploy.0 = Debug|Any CPU
		{D9E59D4B-7574-454A-A94C-49C0D9885708}.Release|Any CPU.ActiveCfg = Release|Any CPU
		{D9E59D4B-7574-454A-A94C-49C0D9885708}.Release|Any CPU.Build.0 = Release|Any CPU
		{D9E59D4B-7574-454A-A94C-49C0D9885708}.Release|Any CPU.Deploy.0 = Release|Any CPU
		{D9E59D4B-7574-454A-A94C-49C0D9885708}.Release|iPhone.ActiveCfg = Release|Any CPU
		{D9E59D4B-7574-454A-A94C-49C0D9885708}.Release|iPhone.Build.0 = Release|Any CPU
		{D9E59D4B-7574-454A-A94C-49C0D9885708}.Release|iPhone.Deploy.0 = Release|Any CPU
		{D9E59D4B-7574-454A-A94C-49C0D9885708}.Release|iPhoneSimulator.ActiveCfg = Release|Any CPU
		{D9E59D4B-7574-454A-A94C-49C0D9885708}.Release|iPhoneSimulator.Build.0 = Release|Any CPU
		{D9E59D4B-7574-454A-A94C-49C0D9885708}.Release|iPhoneSimulator.Deploy.0 = Release|Any CPU
		{89F1A553-4CDA-4226-AF66-F5092142C3EE}.Debug|Any CPU.ActiveCfg = Debug|iPhone
		{89F1A553-4CDA-4226-AF66-F5092142C3EE}.Debug|Any CPU.Build.0 = Debug|iPhone
		{89F1A553-4CDA-4226-AF66-F5092142C3EE}.Debug|Any CPU.Deploy.0 = Debug|iPhone
		{89F1A553-4CDA-4226-AF66-F5092142C3EE}.Debug|iPhone.ActiveCfg = Debug|iPhone
		{89F1A553-4CDA-4226-AF66-F5092142C3EE}.Debug|iPhone.Build.0 = Debug|iPhone
		{89F1A553-4CDA-4226-AF66-F5092142C3EE}.Debug|iPhone.Deploy.0 = Debug|iPhone
		{89F1A553-4CDA-4226-AF66-F5092142C3EE}.Debug|iPhoneSimulator.ActiveCfg = Debug|iPhoneSimulator
		{89F1A553-4CDA-4226-AF66-F5092142C3EE}.Debug|iPhoneSimulator.Build.0 = Debug|iPhoneSimulator
		{89F1A553-4CDA-4226-AF66-F5092142C3EE}.Debug|iPhoneSimulator.Deploy.0 = Debug|iPhoneSimulator
		{89F1A553-4CDA-4226-AF66-F5092142C3EE}.Release|Any CPU.ActiveCfg = Release|iPhoneSimulator
		{89F1A553-4CDA-4226-AF66-F5092142C3EE}.Release|Any CPU.Build.0 = Release|iPhoneSimulator
		{89F1A553-4CDA-4226-AF66-F5092142C3EE}.Release|Any CPU.Deploy.0 = Release|iPhoneSimulator
		{89F1A553-4CDA-4226-AF66-F5092142C3EE}.Release|iPhone.ActiveCfg = Release|iPhone
		{89F1A553-4CDA-4226-AF66-F5092142C3EE}.Release|iPhone.Build.0 = Release|iPhone
		{89F1A553-4CDA-4226-AF66-F5092142C3EE}.Release|iPhone.Deploy.0 = Release|iPhone
		{89F1A553-4CDA-4226-AF66-F5092142C3EE}.Release|iPhoneSimulator.ActiveCfg = Release|iPhoneSimulator
		{89F1A553-4CDA-4226-AF66-F5092142C3EE}.Release|iPhoneSimulator.Build.0 = Release|iPhoneSimulator
		{89F1A553-4CDA-4226-AF66-F5092142C3EE}.Release|iPhoneSimulator.Deploy.0 = Release|iPhoneSimulator
		{366DC6F9-6194-4FF9-A7AB-9BDFC45768F3}.Debug|Any CPU.ActiveCfg = Debug|Any CPU
		{366DC6F9-6194-4FF9-A7AB-9BDFC45768F3}.Debug|Any CPU.Build.0 = Debug|Any CPU
		{366DC6F9-6194-4FF9-A7AB-9BDFC45768F3}.Debug|Any CPU.Deploy.0 = Debug|Any CPU
		{366DC6F9-6194-4FF9-A7AB-9BDFC45768F3}.Debug|iPhone.ActiveCfg = Debug|Any CPU
		{366DC6F9-6194-4FF9-A7AB-9BDFC45768F3}.Debug|iPhone.Build.0 = Debug|Any CPU
		{366DC6F9-6194-4FF9-A7AB-9BDFC45768F3}.Debug|iPhone.Deploy.0 = Debug|Any CPU
		{366DC6F9-6194-4FF9-A7AB-9BDFC45768F3}.Debug|iPhoneSimulator.ActiveCfg = Debug|Any CPU
		{366DC6F9-6194-4FF9-A7AB-9BDFC45768F3}.Debug|iPhoneSimulator.Build.0 = Debug|Any CPU
		{366DC6F9-6194-4FF9-A7AB-9BDFC45768F3}.Debug|iPhoneSimulator.Deploy.0 = Debug|Any CPU
		{366DC6F9-6194-4FF9-A7AB-9BDFC45768F3}.Release|Any CPU.ActiveCfg = Release|Any CPU
		{366DC6F9-6194-4FF9-A7AB-9BDFC45768F3}.Release|Any CPU.Build.0 = Release|Any CPU
		{366DC6F9-6194-4FF9-A7AB-9BDFC45768F3}.Release|Any CPU.Deploy.0 = Release|Any CPU
		{366DC6F9-6194-4FF9-A7AB-9BDFC45768F3}.Release|iPhone.ActiveCfg = Release|Any CPU
		{366DC6F9-6194-4FF9-A7AB-9BDFC45768F3}.Release|iPhone.Build.0 = Release|Any CPU
		{366DC6F9-6194-4FF9-A7AB-9BDFC45768F3}.Release|iPhone.Deploy.0 = Release|Any CPU
		{366DC6F9-6194-4FF9-A7AB-9BDFC45768F3}.Release|iPhoneSimulator.ActiveCfg = Release|Any CPU
		{366DC6F9-6194-4FF9-A7AB-9BDFC45768F3}.Release|iPhoneSimulator.Build.0 = Release|Any CPU
		{366DC6F9-6194-4FF9-A7AB-9BDFC45768F3}.Release|iPhoneSimulator.Deploy.0 = Release|Any CPU
	EndGlobalSection
	GlobalSection(SolutionProperties) = preSolution
		HideSolutionNode = FALSE
	EndGlobalSection
	GlobalSection(ExtensibilityGlobals) = postSolution
		SolutionGuid = {58B95E40-95FA-4E44-96EE-4D6DE17C948F}
	EndGlobalSection
EndGlobal
